// !$*UTF8*$!
{
	archiveVersion = 1;
	classes = {
	};
	objectVersion = 46;
	objects = {

/* Begin PBXBuildFile section */
		54B5053A1FBAC14100CF4374 /* AppDelegate.swift in Sources */ = {isa = PBXBuildFile; fileRef = 54B505391FBAC14100CF4374 /* AppDelegate.swift */; };
		54B5053C1FBAC14100CF4374 /* ViewController.swift in Sources */ = {isa = PBXBuildFile; fileRef = 54B5053B1FBAC14100CF4374 /* ViewController.swift */; };
		54B5053F1FBAC14100CF4374 /* Main.storyboard in Resources */ = {isa = PBXBuildFile; fileRef = 54B5053D1FBAC14100CF4374 /* Main.storyboard */; };
		54B505411FBAC14100CF4374 /* Assets.xcassets in Resources */ = {isa = PBXBuildFile; fileRef = 54B505401FBAC14100CF4374 /* Assets.xcassets */; };
		54B505441FBAC14100CF4374 /* LaunchScreen.storyboard in Resources */ = {isa = PBXBuildFile; fileRef = 54B505421FBAC14100CF4374 /* LaunchScreen.storyboard */; };
		54B5054F1FBAC14100CF4374 /* SlideshowAppTests.swift in Sources */ = {isa = PBXBuildFile; fileRef = 54B5054E1FBAC14100CF4374 /* SlideshowAppTests.swift */; };
		54B5055A1FBAC14100CF4374 /* SlideshowAppUITests.swift in Sources */ = {isa = PBXBuildFile; fileRef = 54B505591FBAC14100CF4374 /* SlideshowAppUITests.swift */; };
		54B505681FBB04F400CF4374 /* IMG_5867.JPG in Resources */ = {isa = PBXBuildFile; fileRef = 54B505671FBB04F400CF4374 /* IMG_5867.JPG */; };
		54B5056A1FBB04FF00CF4374 /* IMG_5868.JPG in Resources */ = {isa = PBXBuildFile; fileRef = 54B505691FBB04FF00CF4374 /* IMG_5868.JPG */; };
		54B5056E1FBB056200CF4374 /* IMG_5869.JPG in Resources */ = {isa = PBXBuildFile; fileRef = 54B5056D1FBB056200CF4374 /* IMG_5869.JPG */; };
		54B505701FBB09FF00CF4374 /* ResultViewController.swift in Sources */ = {isa = PBXBuildFile; fileRef = 54B5056F1FBB09FF00CF4374 /* ResultViewController.swift */; };
/* End PBXBuildFile section */

/* Begin PBXContainerItemProxy section */
		54B5054B1FBAC14100CF4374 /* PBXContainerItemProxy */ = {
			isa = PBXContainerItemProxy;
			containerPortal = 54B5052E1FBAC14100CF4374 /* Project object */;
			proxyType = 1;
			remoteGlobalIDString = 54B505351FBAC14100CF4374;
			remoteInfo = SlideshowApp;
		};
		54B505561FBAC14100CF4374 /* PBXContainerItemProxy */ = {
			isa = PBXContainerItemProxy;
			containerPortal = 54B5052E1FBAC14100CF4374 /* Project object */;
			proxyType = 1;
			remoteGlobalIDString = 54B505351FBAC14100CF4374;
			remoteInfo = SlideshowApp;
		};
/* End PBXContainerItemProxy section */

/* Begin PBXFileReference section */
		54B505361FBAC14100CF4374 /* SlideshowApp.app */ = {isa = PBXFileReference; explicitFileType = wrapper.application; includeInIndex = 0; path = SlideshowApp.app; sourceTree = BUILT_PRODUCTS_DIR; };
		54B505391FBAC14100CF4374 /* AppDelegate.swift */ = {isa = PBXFileReference; lastKnownFileType = sourcecode.swift; path = AppDelegate.swift; sourceTree = "<group>"; };
		54B5053B1FBAC14100CF4374 /* ViewController.swift */ = {isa = PBXFileReference; lastKnownFileType = sourcecode.swift; path = ViewController.swift; sourceTree = "<group>"; };
		54B5053E1FBAC14100CF4374 /* Base */ = {isa = PBXFileReference; lastKnownFileType = file.storyboard; name = Base; path = Base.lproj/Main.storyboard; sourceTree = "<group>"; };
		54B505401FBAC14100CF4374 /* Assets.xcassets */ = {isa = PBXFileReference; lastKnownFileType = folder.assetcatalog; path = Assets.xcassets; sourceTree = "<group>"; };
		54B505431FBAC14100CF4374 /* Base */ = {isa = PBXFileReference; lastKnownFileType = file.storyboard; name = Base; path = Base.lproj/LaunchScreen.storyboard; sourceTree = "<group>"; };
		54B505451FBAC14100CF4374 /* Info.plist */ = {isa = PBXFileReference; lastKnownFileType = text.plist.xml; path = Info.plist; sourceTree = "<group>"; };
		54B5054A1FBAC14100CF4374 /* SlideshowAppTests.xctest */ = {isa = PBXFileReference; explicitFileType = wrapper.cfbundle; includeInIndex = 0; path = SlideshowAppTests.xctest; sourceTree = BUILT_PRODUCTS_DIR; };
		54B5054E1FBAC14100CF4374 /* SlideshowAppTests.swift */ = {isa = PBXFileReference; lastKnownFileType = sourcecode.swift; path = SlideshowAppTests.swift; sourceTree = "<group>"; };
		54B505501FBAC14100CF4374 /* Info.plist */ = {isa = PBXFileReference; lastKnownFileType = text.plist.xml; path = Info.plist; sourceTree = "<group>"; };
		54B505551FBAC14100CF4374 /* SlideshowAppUITests.xctest */ = {isa = PBXFileReference; explicitFileType = wrapper.cfbundle; includeInIndex = 0; path = SlideshowAppUITests.xctest; sourceTree = BUILT_PRODUCTS_DIR; };
		54B505591FBAC14100CF4374 /* SlideshowAppUITests.swift */ = {isa = PBXFileReference; lastKnownFileType = sourcecode.swift; path = SlideshowAppUITests.swift; sourceTree = "<group>"; };
		54B5055B1FBAC14100CF4374 /* Info.plist */ = {isa = PBXFileReference; lastKnownFileType = text.plist.xml; path = Info.plist; sourceTree = "<group>"; };
		54B505671FBB04F400CF4374 /* IMG_5867.JPG */ = {isa = PBXFileReference; lastKnownFileType = image.jpeg; path = IMG_5867.JPG; sourceTree = "<group>"; };
		54B505691FBB04FF00CF4374 /* IMG_5868.JPG */ = {isa = PBXFileReference; lastKnownFileType = image.jpeg; path = IMG_5868.JPG; sourceTree = "<group>"; };
		54B5056D1FBB056200CF4374 /* IMG_5869.JPG */ = {isa = PBXFileReference; lastKnownFileType = image.jpeg; path = IMG_5869.JPG; sourceTree = "<group>"; };
		54B5056F1FBB09FF00CF4374 /* ResultViewController.swift */ = {isa = PBXFileReference; fileEncoding = 4; lastKnownFileType = sourcecode.swift; path = ResultViewController.swift; sourceTree = "<group>"; };
/* End PBXFileReference section */

/* Begin PBXFrameworksBuildPhase section */
		54B505331FBAC14100CF4374 /* Frameworks */ = {
			isa = PBXFrameworksBuildPhase;
			buildActionMask = 2147483647;
			files = (
			);
			runOnlyForDeploymentPostprocessing = 0;
		};
		54B505471FBAC14100CF4374 /* Frameworks */ = {
			isa = PBXFrameworksBuildPhase;
			buildActionMask = 2147483647;
			files = (
			);
			runOnlyForDeploymentPostprocessing = 0;
		};
		54B505521FBAC14100CF4374 /* Frameworks */ = {
			isa = PBXFrameworksBuildPhase;
			buildActionMask = 2147483647;
			files = (
			);
			runOnlyForDeploymentPostprocessing = 0;
		};
/* End PBXFrameworksBuildPhase section */

/* Begin PBXGroup section */
		54B5052D1FBAC14100CF4374 = {
			isa = PBXGroup;
			children = (
				54B505381FBAC14100CF4374 /* SlideshowApp */,
				54B5054D1FBAC14100CF4374 /* SlideshowAppTests */,
				54B505581FBAC14100CF4374 /* SlideshowAppUITests */,
				54B505371FBAC14100CF4374 /* Products */,
			);
			sourceTree = "<group>";
		};
		54B505371FBAC14100CF4374 /* Products */ = {
			isa = PBXGroup;
			children = (
				54B505361FBAC14100CF4374 /* SlideshowApp.app */,
				54B5054A1FBAC14100CF4374 /* SlideshowAppTests.xctest */,
				54B505551FBAC14100CF4374 /* SlideshowAppUITests.xctest */,
			);
			name = Products;
			sourceTree = "<group>";
		};
		54B505381FBAC14100CF4374 /* SlideshowApp */ = {
			isa = PBXGroup;
			children = (
				54B505391FBAC14100CF4374 /* AppDelegate.swift */,
				54B5053B1FBAC14100CF4374 /* ViewController.swift */,
				54B5053D1FBAC14100CF4374 /* Main.storyboard */,
				54B5056F1FBB09FF00CF4374 /* ResultViewController.swift */,
				54B505671FBB04F400CF4374 /* IMG_5867.JPG */,
				54B505691FBB04FF00CF4374 /* IMG_5868.JPG */,
				54B5056D1FBB056200CF4374 /* IMG_5869.JPG */,
				54B505401FBAC14100CF4374 /* Assets.xcassets */,
				54B505421FBAC14100CF4374 /* LaunchScreen.storyboard */,
				54B505451FBAC14100CF4374 /* Info.plist */,
			);
			path = SlideshowApp;
			sourceTree = "<group>";
		};
		54B5054D1FBAC14100CF4374 /* SlideshowAppTests */ = {
			isa = PBXGroup;
			children = (
				54B5054E1FBAC14100CF4374 /* SlideshowAppTests.swift */,
				54B505501FBAC14100CF4374 /* Info.plist */,
			);
			path = SlideshowAppTests;
			sourceTree = "<group>";
		};
		54B505581FBAC14100CF4374 /* SlideshowAppUITests */ = {
			isa = PBXGroup;
			children = (
				54B505591FBAC14100CF4374 /* SlideshowAppUITests.swift */,
				54B5055B1FBAC14100CF4374 /* Info.plist */,
			);
			path = SlideshowAppUITests;
			sourceTree = "<group>";
		};
/* End PBXGroup section */

/* Begin PBXNativeTarget section */
		54B505351FBAC14100CF4374 /* SlideshowApp */ = {
			isa = PBXNativeTarget;
			buildConfigurationList = 54B5055E1FBAC14100CF4374 /* Build configuration list for PBXNativeTarget "SlideshowApp" */;
			buildPhases = (
				54B505321FBAC14100CF4374 /* Sources */,
				54B505331FBAC14100CF4374 /* Frameworks */,
				54B505341FBAC14100CF4374 /* Resources */,
			);
			buildRules = (
			);
			dependencies = (
			);
			name = SlideshowApp;
			productName = SlideshowApp;
			productReference = 54B505361FBAC14100CF4374 /* SlideshowApp.app */;
			productType = "com.apple.product-type.application";
		};
		54B505491FBAC14100CF4374 /* SlideshowAppTests */ = {
			isa = PBXNativeTarget;
			buildConfigurationList = 54B505611FBAC14100CF4374 /* Build configuration list for PBXNativeTarget "SlideshowAppTests" */;
			buildPhases = (
				54B505461FBAC14100CF4374 /* Sources */,
				54B505471FBAC14100CF4374 /* Frameworks */,
				54B505481FBAC14100CF4374 /* Resources */,
			);
			buildRules = (
			);
			dependencies = (
				54B5054C1FBAC14100CF4374 /* PBXTargetDependency */,
			);
			name = SlideshowAppTests;
			productName = SlideshowAppTests;
			productReference = 54B5054A1FBAC14100CF4374 /* SlideshowAppTests.xctest */;
			productType = "com.apple.product-type.bundle.unit-test";
		};
		54B505541FBAC14100CF4374 /* SlideshowAppUITests */ = {
			isa = PBXNativeTarget;
			buildConfigurationList = 54B505641FBAC14100CF4374 /* Build configuration list for PBXNativeTarget "SlideshowAppUITests" */;
			buildPhases = (
				54B505511FBAC14100CF4374 /* Sources */,
				54B505521FBAC14100CF4374 /* Frameworks */,
				54B505531FBAC14100CF4374 /* Resources */,
			);
			buildRules = (
			);
			dependencies = (
				54B505571FBAC14100CF4374 /* PBXTargetDependency */,
			);
			name = SlideshowAppUITests;
			productName = SlideshowAppUITests;
			productReference = 54B505551FBAC14100CF4374 /* SlideshowAppUITests.xctest */;
			productType = "com.apple.product-type.bundle.ui-testing";
		};
/* End PBXNativeTarget section */

/* Begin PBXProject section */
		54B5052E1FBAC14100CF4374 /* Project object */ = {
			isa = PBXProject;
			attributes = {
				LastSwiftUpdateCheck = 0830;
				LastUpgradeCheck = 0830;
				ORGANIZATIONNAME = "別府優介";
				TargetAttributes = {
					54B505351FBAC14100CF4374 = {
						CreatedOnToolsVersion = 8.3.3;
						ProvisioningStyle = Automatic;
					};
					54B505491FBAC14100CF4374 = {
						CreatedOnToolsVersion = 8.3.3;
						ProvisioningStyle = Automatic;
						TestTargetID = 54B505351FBAC14100CF4374;
					};
					54B505541FBAC14100CF4374 = {
						CreatedOnToolsVersion = 8.3.3;
						ProvisioningStyle = Automatic;
						TestTargetID = 54B505351FBAC14100CF4374;
					};
				};
			};
			buildConfigurationList = 54B505311FBAC14100CF4374 /* Build configuration list for PBXProject "SlideshowApp" */;
			compatibilityVersion = "Xcode 3.2";
			developmentRegion = English;
			hasScannedForEncodings = 0;
			knownRegions = (
				en,
				Base,
			);
			mainGroup = 54B5052D1FBAC14100CF4374;
			productRefGroup = 54B505371FBAC14100CF4374 /* Products */;
			projectDirPath = "";
			projectRoot = "";
			targets = (
				54B505351FBAC14100CF4374 /* SlideshowApp */,
				54B505491FBAC14100CF4374 /* SlideshowAppTests */,
				54B505541FBAC14100CF4374 /* SlideshowAppUITests */,
			);
		};
/* End PBXProject section */

/* Begin PBXResourcesBuildPhase section */
		54B505341FBAC14100CF4374 /* Resources */ = {
			isa = PBXResourcesBuildPhase;
			buildActionMask = 2147483647;
			files = (
				54B505441FBAC14100CF4374 /* LaunchScreen.storyboard in Resources */,
				54B505681FBB04F400CF4374 /* IMG_5867.JPG in Resources */,
				54B5056A1FBB04FF00CF4374 /* IMG_5868.JPG in Resources */,
				54B505411FBAC14100CF4374 /* Assets.xcassets in Resources */,
				54B5053F1FBAC14100CF4374 /* Main.storyboard in Resources */,
				54B5056E1FBB056200CF4374 /* IMG_5869.JPG in Resources */,
			);
			runOnlyForDeploymentPostprocessing = 0;
		};
		54B505481FBAC14100CF4374 /* Resources */ = {
			isa = PBXResourcesBuildPhase;
			buildActionMask = 2147483647;
			files = (
			);
			runOnlyForDeploymentPostprocessing = 0;
		};
		54B505531FBAC14100CF4374 /* Resources */ = {
			isa = PBXResourcesBuildPhase;
			buildActionMask = 2147483647;
			files = (
			);
			runOnlyForDeploymentPostprocessing = 0;
		};
/* End PBXResourcesBuildPhase section */

/* Begin PBXSourcesBuildPhase section */
		54B505321FBAC14100CF4374 /* Sources */ = {
			isa = PBXSourcesBuildPhase;
			buildActionMask = 2147483647;
			files = (
				54B5053C1FBAC14100CF4374 /* ViewController.swift in Sources */,
				54B5053A1FBAC14100CF4374 /* AppDelegate.swift in Sources */,
				54B505701FBB09FF00CF4374 /* ResultViewController.swift in Sources */,
			);
			runOnlyForDeploymentPostprocessing = 0;
		};
		54B505461FBAC14100CF4374 /* Sources */ = {
			isa = PBXSourcesBuildPhase;
			buildActionMask = 2147483647;
			files = (
				54B5054F1FBAC14100CF4374 /* SlideshowAppTests.swift in Sources */,
			);
			runOnlyForDeploymentPostprocessing = 0;
		};
		54B505511FBAC14100CF4374 /* Sources */ = {
			isa = PBXSourcesBuildPhase;
			buildActionMask = 2147483647;
			files = (
				54B5055A1FBAC14100CF4374 /* SlideshowAppUITests.swift in Sources */,
			);
			runOnlyForDeploymentPostprocessing = 0;
		};
/* End PBXSourcesBuildPhase section */

/* Begin PBXTargetDependency section */
		54B5054C1FBAC14100CF4374 /* PBXTargetDependency */ = {
			isa = PBXTargetDependency;
			target = 54B505351FBAC14100CF4374 /* SlideshowApp */;
			targetProxy = 54B5054B1FBAC14100CF4374 /* PBXContainerItemProxy */;
		};
		54B505571FBAC14100CF4374 /* PBXTargetDependency */ = {
			isa = PBXTargetDependency;
			target = 54B505351FBAC14100CF4374 /* SlideshowApp */;
			targetProxy = 54B505561FBAC14100CF4374 /* PBXContainerItemProxy */;
		};
/* End PBXTargetDependency section */

/* Begin PBXVariantGroup section */
		54B5053D1FBAC14100CF4374 /* Main.storyboard */ = {
			isa = PBXVariantGroup;
			children = (
				54B5053E1FBAC14100CF4374 /* Base */,
			);
			name = Main.storyboard;
			sourceTree = "<group>";
		};
		54B505421FBAC14100CF4374 /* LaunchScreen.storyboard */ = {
			isa = PBXVariantGroup;
			children = (
				54B505431FBAC14100CF4374 /* Base */,
			);
			name = LaunchScreen.storyboard;
			sourceTree = "<group>";
		};
/* End PBXVariantGroup section */

/* Begin XCBuildConfiguration section */
		54B5055C1FBAC14100CF4374 /* Debug */ = {
			isa = XCBuildConfiguration;
			buildSettings = {
				ALWAYS_SEARCH_USER_PATHS = NO;
				CLANG_ANALYZER_NONNULL = YES;
				CLANG_ANALYZER_NUMBER_OBJECT_CONVERSION = YES_AGGRESSIVE;
				CLANG_CXX_LANGUAGE_STANDARD = "gnu++0x";
				CLANG_CXX_LIBRARY = "libc++";
				CLANG_ENABLE_MODULES = YES;
				CLANG_ENABLE_OBJC_ARC = YES;
				CLANG_WARN_BOOL_CONVERSION = YES;
				CLANG_WARN_CONSTANT_CONVERSION = YES;
				CLANG_WARN_DIRECT_OBJC_ISA_USAGE = YES_ERROR;
				CLANG_WARN_DOCUMENTATION_COMMENTS = YES;
				CLANG_WARN_EMPTY_BODY = YES;
				CLANG_WARN_ENUM_CONVERSION = YES;
				CLANG_WARN_INFINITE_RECURSION = YES;
				CLANG_WARN_INT_CONVERSION = YES;
				CLANG_WARN_OBJC_ROOT_CLASS = YES_ERROR;
				CLANG_WARN_SUSPICIOUS_MOVE = YES;
				CLANG_WARN_UNREACHABLE_CODE = YES;
				CLANG_WARN__DUPLICATE_METHOD_MATCH = YES;
				"CODE_SIGN_IDENTITY[sdk=iphoneos*]" = "iPhone Developer";
				COPY_PHASE_STRIP = NO;
				DEBUG_INFORMATION_FORMAT = dwarf;
				ENABLE_STRICT_OBJC_MSGSEND = YES;
				ENABLE_TESTABILITY = YES;
				GCC_C_LANGUAGE_STANDARD = gnu99;
				GCC_DYNAMIC_NO_PIC = NO;
				GCC_NO_COMMON_BLOCKS = YES;
				GCC_OPTIMIZATION_LEVEL = 0;
				GCC_PREPROCESSOR_DEFINITIONS = (
					"DEBUG=1",
					"$(inherited)",
				);
				GCC_WARN_64_TO_32_BIT_CONVERSION = YES;
				GCC_WARN_ABOUT_RETURN_TYPE = YES_ERROR;
				GCC_WARN_UNDECLARED_SELECTOR = YES;
				GCC_WARN_UNINITIALIZED_AUTOS = YES_AGGRESSIVE;
				GCC_WARN_UNUSED_FUNCTION = YES;
				GCC_WARN_UNUSED_VARIABLE = YES;
				IPHONEOS_DEPLOYMENT_TARGET = 10.3;
				MTL_ENABLE_DEBUG_INFO = YES;
				ONLY_ACTIVE_ARCH = YES;
				SDKROOT = iphoneos;
				SWIFT_ACTIVE_COMPILATION_CONDITIONS = DEBUG;
				SWIFT_OPTIMIZATION_LEVEL = "-Onone";
			};
			name = Debug;
		};
		54B5055D1FBAC14100CF4374 /* Release */ = {
			isa = XCBuildConfiguration;
			buildSettings = {
				ALWAYS_SEARCH_USER_PATHS = NO;
				CLANG_ANALYZER_NONNULL = YES;
				CLANG_ANALYZER_NUMBER_OBJECT_CONVERSION = YES_AGGRESSIVE;
				CLANG_CXX_LANGUAGE_STANDARD = "gnu++0x";
				CLANG_CXX_LIBRARY = "libc++";
				CLANG_ENABLE_MODULES = YES;
				CLANG_ENABLE_OBJC_ARC = YES;
				CLANG_WARN_BOOL_CONVERSION = YES;
				CLANG_WARN_CONSTANT_CONVERSION = YES;
				CLANG_WARN_DIRECT_OBJC_ISA_USAGE = YES_ERROR;
				CLANG_WARN_DOCUMENTATION_COMMENTS = YES;
				CLANG_WARN_EMPTY_BODY = YES;
				CLANG_WARN_ENUM_CONVERSION = YES;
				CLANG_WARN_INFINITE_RECURSION = YES;
				CLANG_WARN_INT_CONVERSION = YES;
				CLANG_WARN_OBJC_ROOT_CLASS = YES_ERROR;
				CLANG_WARN_SUSPICIOUS_MOVE = YES;
				CLANG_WARN_UNREACHABLE_CODE = YES;
				CLANG_WARN__DUPLICATE_METHOD_MATCH = YES;
				"CODE_SIGN_IDENTITY[sdk=iphoneos*]" = "iPhone Developer";
				COPY_PHASE_STRIP = NO;
				DEBUG_INFORMATION_FORMAT = "dwarf-with-dsym";
				ENABLE_NS_ASSERTIONS = NO;
				ENABLE_STRICT_OBJC_MSGSEND = YES;
				GCC_C_LANGUAGE_STANDARD = gnu99;
				GCC_NO_COMMON_BLOCKS = YES;
				GCC_WARN_64_TO_32_BIT_CONVERSION = YES;
				GCC_WARN_ABOUT_RETURN_TYPE = YES_ERROR;
				GCC_WARN_UNDECLARED_SELECTOR = YES;
				GCC_WARN_UNINITIALIZED_AUTOS = YES_AGGRESSIVE;
				GCC_WARN_UNUSED_FUNCTION = YES;
				GCC_WARN_UNUSED_VARIABLE = YES;
				IPHONEOS_DEPLOYMENT_TARGET = 10.3;
				MTL_ENABLE_DEBUG_INFO = NO;
				SDKROOT = iphoneos;
				SWIFT_OPTIMIZATION_LEVEL = "-Owholemodule";
				VALIDATE_PRODUCT = YES;
			};
			name = Release;
		};
		54B5055F1FBAC14100CF4374 /* Debug */ = {
			isa = XCBuildConfiguration;
			buildSettings = {
				ASSETCATALOG_COMPILER_APPICON_NAME = AppIcon;
				INFOPLIST_FILE = SlideshowApp/Info.plist;
				LD_RUNPATH_SEARCH_PATHS = "$(inherited) @executable_path/Frameworks";
				PRODUCT_BUNDLE_IDENTIFIER = jp.techacademy.yuusuke.beppu.SlideshowApp;
				PRODUCT_NAME = "$(TARGET_NAME)";
				SWIFT_VERSION = 3.0;
			};
			name = Debug;
		};
		54B505601FBAC14100CF4374 /* Release */ = {
			isa = XCBuildConfiguration;
			buildSettings = {
				ASSETCATALOG_COMPILER_APPICON_NAME = AppIcon;
				INFOPLIST_FILE = SlideshowApp/Info.plist;
				LD_RUNPATH_SEARCH_PATHS = "$(inherited) @executable_path/Frameworks";
				PRODUCT_BUNDLE_IDENTIFIER = jp.techacademy.yuusuke.beppu.SlideshowApp;
				PRODUCT_NAME = "$(TARGET_NAME)";
				SWIFT_VERSION = 3.0;
			};
			name = Release;
		};
		54B505621FBAC14100CF4374 /* Debug */ = {
			isa = XCBuildConfiguration;
			buildSettings = {
				ALWAYS_EMBED_SWIFT_STANDARD_LIBRARIES = YES;
				BUNDLE_LOADER = "$(TEST_HOST)";
				INFOPLIST_FILE = SlideshowAppTests/Info.plist;
				LD_RUNPATH_SEARCH_PATHS = "$(inherited) @executable_path/Frameworks @loader_path/Frameworks";
				PRODUCT_BUNDLE_IDENTIFIER = jp.techacademy.yuusuke.beppu.SlideshowAppTests;
				PRODUCT_NAME = "$(TARGET_NAME)";
				SWIFT_VERSION = 3.0;
				TEST_HOST = "$(BUILT_PRODUCTS_DIR)/SlideshowApp.app/SlideshowApp";
			};
			name = Debug;
		};
		54B505631FBAC14100CF4374 /* Release */ = {
			isa = XCBuildConfiguration;
			buildSettings = {
				ALWAYS_EMBED_SWIFT_STANDARD_LIBRARIES = YES;
				BUNDLE_LOADER = "$(TEST_HOST)";
				INFOPLIST_FILE = SlideshowAppTests/Info.plist;
				LD_RUNPATH_SEARCH_PATHS = "$(inherited) @executable_path/Frameworks @loader_path/Frameworks";
				PRODUCT_BUNDLE_IDENTIFIER = jp.techacademy.yuusuke.beppu.SlideshowAppTests;
				PRODUCT_NAME = "$(TARGET_NAME)";
				SWIFT_VERSION = 3.0;
				TEST_HOST = "$(BUILT_PRODUCTS_DIR)/SlideshowApp.app/SlideshowApp";
			};
			name = Release;
		};
		54B505651FBAC14100CF4374 /* Debug */ = {
			isa = XCBuildConfiguration;
			buildSettings = {
				ALWAYS_EMBED_SWIFT_STANDARD_LIBRARIES = YES;
				INFOPLIST_FILE = SlideshowAppUITests/Info.plist;
				LD_RUNPATH_SEARCH_PATHS = "$(inherited) @executable_path/Frameworks @loader_path/Frameworks";
				PRODUCT_BUNDLE_IDENTIFIER = jp.techacademy.yuusuke.beppu.SlideshowAppUITests;
				PRODUCT_NAME = "$(TARGET_NAME)";
				SWIFT_VERSION = 3.0;
				TEST_TARGET_NAME = SlideshowApp;
			};
			name = Debug;
		};
		54B505661FBAC14100CF4374 /* Release */ = {
			isa = XCBuildConfiguration;
			buildSettings = {
				ALWAYS_EMBED_SWIFT_STANDARD_LIBRARIES = YES;
				INFOPLIST_FILE = SlideshowAppUITests/Info.plist;
				LD_RUNPATH_SEARCH_PATHS = "$(inherited) @executable_path/Frameworks @loader_path/Frameworks";
				PRODUCT_BUNDLE_IDENTIFIER = jp.techacademy.yuusuke.beppu.SlideshowAppUITests;
				PRODUCT_NAME = "$(TARGET_NAME)";
				SWIFT_VERSION = 3.0;
				TEST_TARGET_NAME = SlideshowApp;
			};
			name = Release;
		};
/* End XCBuildConfiguration section */

/* Begin XCConfigurationList section */
		54B505311FBAC14100CF4374 /* Build configuration list for PBXProject "SlideshowApp" */ = {
			isa = XCConfigurationList;
			buildConfigurations = (
				54B5055C1FBAC14100CF4374 /* Debug */,
				54B5055D1FBAC14100CF4374 /* Release */,
			);
			defaultConfigurationIsVisible = 0;
			defaultConfigurationName = Release;
		};
		54B5055E1FBAC14100CF4374 /* Build configuration list for PBXNativeTarget "SlideshowApp" */ = {
			isa = XCConfigurationList;
			buildConfigurations = (
				54B5055F1FBAC14100CF4374 /* Debug */,
				54B505601FBAC14100CF4374 /* Release */,
			);
			defaultConfigurationIsVisible = 0;
		};
		54B505611FBAC14100CF4374 /* Build configuration list for PBXNativeTarget "SlideshowAppTests" */ = {
			isa = XCConfigurationList;
			buildConfigurations = (
				54B505621FBAC14100CF4374 /* Debug */,
				54B505631FBAC14100CF4374 /* Release */,
			);
			defaultConfigurationIsVisible = 0;
		};
		54B505641FBAC14100CF4374 /* Build configuration list for PBXNativeTarget "SlideshowAppUITests" */ = {
			isa = XCConfigurationList;
			buildConfigurations = (
				54B505651FBAC14100CF4374 /* Debug */,
				54B505661FBAC14100CF4374 /* Release */,
			);
			defaultConfigurationIsVisible = 0;
		};
/* End XCConfigurationList section */
	};
	rootObject = 54B5052E1FBAC14100CF4374 /* Project object */;
}
